
Microsoft Visual Studio Solution File, Format Version 12.00
# Visual Studio Version 17
VisualStudioVersion = 17.8.34316.72
MinimumVisualStudioVersion = 10.0.40219.1
Project("{FAE04EC0-301F-11D3-BF4B-00C04F79EFBC}") = "Exchange.WebAPI", "Exchange.WebAPI\Exchange.WebAPI.csproj", "{94ED7A31-86CD-4199-BBEA-2C756C1B4210}"
EndProject
Project("{FAE04EC0-301F-11D3-BF4B-00C04F79EFBC}") = "Application", "Application\Application.csproj", "{EA6B928B-FC83-43F5-BA42-9A7E2DF0DFC4}"
EndProject
Project("{FAE04EC0-301F-11D3-BF4B-00C04F79EFBC}") = "Exchange.UnitTests", "Exchange.UnitTests\Exchange.UnitTests.csproj", "{0F836D63-AF20-4B31-94D2-60AE48ED4BD8}"
EndProject
Project("{FAE04EC0-301F-11D3-BF4B-00C04F79EFBC}") = "Domain", "Domain\Domain.csproj", "{6F592787-68D1-4291-87B3-EB66C120FD34}"
EndProject
Project("{FAE04EC0-301F-11D3-BF4B-00C04F79EFBC}") = "Infrastructure", "Infrastructure\Infrastructure.csproj", "{83A0F35D-BCB5-40DB-BD58-D9790F369066}"
EndProject
Global
	GlobalSection(SolutionConfigurationPlatforms) = preSolution
		Debug|Any CPU = Debug|Any CPU
		Release|Any CPU = Release|Any CPU
	EndGlobalSection
	GlobalSection(ProjectConfigurationPlatforms) = postSolution
		{94ED7A31-86CD-4199-BBEA-2C756C1B4210}.Debug|Any CPU.ActiveCfg = Debug|Any CPU
		{94ED7A31-86CD-4199-BBEA-2C756C1B4210}.Debug|Any CPU.Build.0 = Debug|Any CPU
		{94ED7A31-86CD-4199-BBEA-2C756C1B4210}.Release|Any CPU.ActiveCfg = Release|Any CPU
		{94ED7A31-86CD-4199-BBEA-2C756C1B4210}.Release|Any CPU.Build.0 = Release|Any CPU
		{EA6B928B-FC83-43F5-BA42-9A7E2DF0DFC4}.Debug|Any CPU.ActiveCfg = Debug|Any CPU
		{EA6B928B-FC83-43F5-BA42-9A7E2DF0DFC4}.Debug|Any CPU.Build.0 = Debug|Any CPU
		{EA6B928B-FC83-43F5-BA42-9A7E2DF0DFC4}.Release|Any CPU.ActiveCfg = Release|Any CPU
		{EA6B928B-FC83-43F5-BA42-9A7E2DF0DFC4}.Release|Any CPU.Build.0 = Release|Any CPU
		{0F836D63-AF20-4B31-94D2-60AE48ED4BD8}.Debug|Any CPU.ActiveCfg = Debug|Any CPU
		{0F836D63-AF20-4B31-94D2-60AE48ED4BD8}.Debug|Any CPU.Build.0 = Debug|Any CPU
		{0F836D63-AF20-4B31-94D2-60AE48ED4BD8}.Release|Any CPU.ActiveCfg = Release|Any CPU
		{0F836D63-AF20-4B31-94D2-60AE48ED4BD8}.Release|Any CPU.Build.0 = Release|Any CPU
		{6F592787-68D1-4291-87B3-EB66C120FD34}.Debug|Any CPU.ActiveCfg = Debug|Any CPU
		{6F592787-68D1-4291-87B3-EB66C120FD34}.Debug|Any CPU.Build.0 = Debug|Any CPU
		{6F592787-68D1-4291-87B3-EB66C120FD34}.Release|Any CPU.ActiveCfg = Release|Any CPU
		{6F592787-68D1-4291-87B3-EB66C120FD34}.Release|Any CPU.Build.0 = Release|Any CPU
		{83A0F35D-BCB5-40DB-BD58-D9790F369066}.Debug|Any CPU.ActiveCfg = Debug|Any CPU
		{83A0F35D-BCB5-40DB-BD58-D9790F369066}.Debug|Any CPU.Build.0 = Debug|Any CPU
		{83A0F35D-BCB5-40DB-BD58-D9790F369066}.Release|Any CPU.ActiveCfg = Release|Any CPU
		{83A0F35D-BCB5-40DB-BD58-D9790F369066}.Release|Any CPU.Build.0 = Release|Any CPU
	EndGlobalSection
	GlobalSection(SolutionProperties) = preSolution
		HideSolutionNode = FALSE
	EndGlobalSection
	GlobalSection(ExtensibilityGlobals) = postSolution
		SolutionGuid = {AF8DE127-5CB5-4F7B-AC4D-A2C4845D7FA6}
	EndGlobalSection
EndGlobal
